
Microsoft Visual Studio Solution File, Format Version 12.00
# Visual Studio 2012
Project("{FAE04EC0-301F-11D3-BF4B-00C04F79EFBC}") = "FBReader.App", "FBReader.App\FBReader.App.csproj", "{23677B10-9628-494A-9678-85C08FDCE981}"
EndProject
Project("{2150E333-8FDC-42A3-9474-1A3956D46DE8}") = "Caliburn", "Caliburn", "{42B8688D-DE59-4702-B491-CA17BA248018}"
EndProject
Project("{FAE04EC0-301F-11D3-BF4B-00C04F79EFBC}") = "Caliburn.Micro.WP8", "Caliburn\Caliburn.Micro.WP8\Caliburn.Micro.WP8.csproj", "{50DAA3F0-3BAD-433A-B4B2-4A38DEF9DFAF}"
EndProject
Project("{FAE04EC0-301F-11D3-BF4B-00C04F79EFBC}") = "Caliburn.Micro.WP8.Extensions", "Caliburn\Caliburn.Micro.WP8.Extensions\Caliburn.Micro.WP8.Extensions.csproj", "{749ADF14-7D11-4380-AB64-CEB61DFF2A73}"
EndProject
Project("{FAE04EC0-301F-11D3-BF4B-00C04F79EFBC}") = "FBReader.AppServices", "FBReader.AppServices\FBReader.AppServices.csproj", "{434A1A03-D0C9-4080-B42F-958B41F141E7}"
EndProject
Project("{FAE04EC0-301F-11D3-BF4B-00C04F79EFBC}") = "FBReader.Localization", "FBReader.Localization\FBReader.Localization.csproj", "{0CFC7D30-1590-4D89-9753-6F9959A87A74}"
EndProject
Project("{FAE04EC0-301F-11D3-BF4B-00C04F79EFBC}") = "FBReader.Common", "FBReader.Common\FBReader.Common.csproj", "{2893A37C-A92E-40C0-9176-0D91E2032A69}"
EndProject
Project("{FAE04EC0-301F-11D3-BF4B-00C04F79EFBC}") = "FBReader.PhoneServices", "FBReader.PhoneServices\FBReader.PhoneServices.csproj", "{A26783ED-52EE-458C-A237-EAA0378432C2}"
EndProject
Project("{FAE04EC0-301F-11D3-BF4B-00C04F79EFBC}") = "FBReader.Settings", "FBReader.Settings\FBReader.Settings.csproj", "{D7F75CE3-22AD-4272-BD15-100E0BDC8299}"
EndProject
Project("{FAE04EC0-301F-11D3-BF4B-00C04F79EFBC}") = "FBReader.Tokenizer", "FBReader.Tokenizer\FBReader.Tokenizer.csproj", "{B478202A-2653-4B13-B23B-391B5889EA97}"
EndProject
Project("{FAE04EC0-301F-11D3-BF4B-00C04F79EFBC}") = "FBReader.Hyphen", "FBReader.Hyphen\FBReader.Hyphen.csproj", "{96C82E03-B853-4C09-82E3-854F1E193258}"
EndProject
Project("{FAE04EC0-301F-11D3-BF4B-00C04F79EFBC}") = "FBReader.Render", "FBReader.Render\FBReader.Render.csproj", "{047501BE-F412-45E7-9A18-9BFBD615DF23}"
EndProject
Project("{FAE04EC0-301F-11D3-BF4B-00C04F79EFBC}") = "FBReader.DataModel", "FBReader.DataModel\FBReader.DataModel.csproj", "{A6589AF0-743F-47EC-B3F9-DF082DAA8088}"
EndProject
Project("{FAE04EC0-301F-11D3-BF4B-00C04F79EFBC}") = "FBReader.FileStorage", "FBReader.IO\FBReader.FileStorage.csproj", "{5EA238D0-CFF7-43AB-B7FC-47E8A4AD6ECD}"
EndProject
Project("{FAE04EC0-301F-11D3-BF4B-00C04F79EFBC}") = "FBReader.WebClient", "FBReader.WebClient\FBReader.WebClient.csproj", "{7AC3A06F-F2F3-4196-96D2-093ECCB28A39}"
EndProject
Project("{2150E333-8FDC-42A3-9474-1A3956D46DE8}") = ".nuget", ".nuget", "{0C77E3A2-9585-482C-88EB-A568F66EA0F0}"
	ProjectSection(SolutionItems) = preProject
		.nuget\NuGet.Config = .nuget\NuGet.Config
		.nuget\NuGet.exe = .nuget\NuGet.exe
		.nuget\NuGet.targets = .nuget\NuGet.targets
	EndProjectSection
EndProject
Global
	GlobalSection(SolutionConfigurationPlatforms) = preSolution
		Debug_Reading|Any CPU = Debug_Reading|Any CPU
		Debug_Reading|ARM = Debug_Reading|ARM
		Debug_Reading|x86 = Debug_Reading|x86
		Debug|Any CPU = Debug|Any CPU
		Debug|ARM = Debug|ARM
		Debug|x86 = Debug|x86
		Release|Any CPU = Release|Any CPU
		Release|ARM = Release|ARM
		Release|x86 = Release|x86
	EndGlobalSection
	GlobalSection(ProjectConfigurationPlatforms) = postSolution
		{23677B10-9628-494A-9678-85C08FDCE981}.Debug_Reading|Any CPU.ActiveCfg = Debug_Reading|Any CPU
		{23677B10-9628-494A-9678-85C08FDCE981}.Debug_Reading|Any CPU.Build.0 = Debug_Reading|Any CPU
		{23677B10-9628-494A-9678-85C08FDCE981}.Debug_Reading|Any CPU.Deploy.0 = Debug_Reading|Any CPU
		{23677B10-9628-494A-9678-85C08FDCE981}.Debug_Reading|ARM.ActiveCfg = Debug_Reading|ARM
		{23677B10-9628-494A-9678-85C08FDCE981}.Debug_Reading|ARM.Build.0 = Debug_Reading|ARM
		{23677B10-9628-494A-9678-85C08FDCE981}.Debug_Reading|ARM.Deploy.0 = Debug_Reading|ARM
		{23677B10-9628-494A-9678-85C08FDCE981}.Debug_Reading|x86.ActiveCfg = Debug_Reading|x86
		{23677B10-9628-494A-9678-85C08FDCE981}.Debug_Reading|x86.Build.0 = Debug_Reading|x86
		{23677B10-9628-494A-9678-85C08FDCE981}.Debug_Reading|x86.Deploy.0 = Debug_Reading|x86
		{23677B10-9628-494A-9678-85C08FDCE981}.Debug|Any CPU.ActiveCfg = Debug|Any CPU
		{23677B10-9628-494A-9678-85C08FDCE981}.Debug|Any CPU.Build.0 = Debug|Any CPU
		{23677B10-9628-494A-9678-85C08FDCE981}.Debug|Any CPU.Deploy.0 = Debug|Any CPU
		{23677B10-9628-494A-9678-85C08FDCE981}.Debug|ARM.ActiveCfg = Debug|ARM
		{23677B10-9628-494A-9678-85C08FDCE981}.Debug|ARM.Build.0 = Debug|ARM
		{23677B10-9628-494A-9678-85C08FDCE981}.Debug|ARM.Deploy.0 = Debug|ARM
		{23677B10-9628-494A-9678-85C08FDCE981}.Debug|x86.ActiveCfg = Debug|x86
		{23677B10-9628-494A-9678-85C08FDCE981}.Debug|x86.Build.0 = Debug|x86
		{23677B10-9628-494A-9678-85C08FDCE981}.Debug|x86.Deploy.0 = Debug|x86
		{23677B10-9628-494A-9678-85C08FDCE981}.Release|Any CPU.ActiveCfg = Release|Any CPU
		{23677B10-9628-494A-9678-85C08FDCE981}.Release|Any CPU.Build.0 = Release|Any CPU
		{23677B10-9628-494A-9678-85C08FDCE981}.Release|Any CPU.Deploy.0 = Release|Any CPU
		{23677B10-9628-494A-9678-85C08FDCE981}.Release|ARM.ActiveCfg = Release|ARM
		{23677B10-9628-494A-9678-85C08FDCE981}.Release|ARM.Build.0 = Release|ARM
		{23677B10-9628-494A-9678-85C08FDCE981}.Release|ARM.Deploy.0 = Release|ARM
		{23677B10-9628-494A-9678-85C08FDCE981}.Release|x86.ActiveCfg = Release|x86
		{23677B10-9628-494A-9678-85C08FDCE981}.Release|x86.Build.0 = Release|x86
		{23677B10-9628-494A-9678-85C08FDCE981}.Release|x86.Deploy.0 = Release|x86
		{50DAA3F0-3BAD-433A-B4B2-4A38DEF9DFAF}.Debug_Reading|Any CPU.ActiveCfg = Debug_Reading|Any CPU
		{50DAA3F0-3BAD-433A-B4B2-4A38DEF9DFAF}.Debug_Reading|Any CPU.Build.0 = Debug_Reading|Any CPU
		{50DAA3F0-3BAD-433A-B4B2-4A38DEF9DFAF}.Debug_Reading|ARM.ActiveCfg = Debug_Reading|ARM
		{50DAA3F0-3BAD-433A-B4B2-4A38DEF9DFAF}.Debug_Reading|ARM.Build.0 = Debug_Reading|ARM
		{50DAA3F0-3BAD-433A-B4B2-4A38DEF9DFAF}.Debug_Reading|x86.ActiveCfg = Debug_Reading|x86
		{50DAA3F0-3BAD-433A-B4B2-4A38DEF9DFAF}.Debug_Reading|x86.Build.0 = Debug_Reading|x86
		{50DAA3F0-3BAD-433A-B4B2-4A38DEF9DFAF}.Debug|Any CPU.ActiveCfg = Debug|Any CPU
		{50DAA3F0-3BAD-433A-B4B2-4A38DEF9DFAF}.Debug|Any CPU.Build.0 = Debug|Any CPU
		{50DAA3F0-3BAD-433A-B4B2-4A38DEF9DFAF}.Debug|ARM.ActiveCfg = Debug|ARM
		{50DAA3F0-3BAD-433A-B4B2-4A38DEF9DFAF}.Debug|ARM.Build.0 = Debug|ARM
		{50DAA3F0-3BAD-433A-B4B2-4A38DEF9DFAF}.Debug|x86.ActiveCfg = Debug|x86
		{50DAA3F0-3BAD-433A-B4B2-4A38DEF9DFAF}.Debug|x86.Build.0 = Debug|x86
		{50DAA3F0-3BAD-433A-B4B2-4A38DEF9DFAF}.Release|Any CPU.ActiveCfg = Release|Any CPU
		{50DAA3F0-3BAD-433A-B4B2-4A38DEF9DFAF}.Release|Any CPU.Build.0 = Release|Any CPU
		{50DAA3F0-3BAD-433A-B4B2-4A38DEF9DFAF}.Release|ARM.ActiveCfg = Release|ARM
		{50DAA3F0-3BAD-433A-B4B2-4A38DEF9DFAF}.Release|ARM.Build.0 = Release|ARM
		{50DAA3F0-3BAD-433A-B4B2-4A38DEF9DFAF}.Release|x86.ActiveCfg = Release|x86
		{50DAA3F0-3BAD-433A-B4B2-4A38DEF9DFAF}.Release|x86.Build.0 = Release|x86
		{749ADF14-7D11-4380-AB64-CEB61DFF2A73}.Debug_Reading|Any CPU.ActiveCfg = Debug_Reading|Any CPU
		{749ADF14-7D11-4380-AB64-CEB61DFF2A73}.Debug_Reading|Any CPU.Build.0 = Debug_Reading|Any CPU
		{749ADF14-7D11-4380-AB64-CEB61DFF2A73}.Debug_Reading|ARM.ActiveCfg = Debug_Reading|ARM
		{749ADF14-7D11-4380-AB64-CEB61DFF2A73}.Debug_Reading|ARM.Build.0 = Debug_Reading|ARM
		{749ADF14-7D11-4380-AB64-CEB61DFF2A73}.Debug_Reading|x86.ActiveCfg = Debug_Reading|x86
		{749ADF14-7D11-4380-AB64-CEB61DFF2A73}.Debug_Reading|x86.Build.0 = Debug_Reading|x86
		{749ADF14-7D11-4380-AB64-CEB61DFF2A73}.Debug|Any CPU.ActiveCfg = Debug|Any CPU
		{749ADF14-7D11-4380-AB64-CEB61DFF2A73}.Debug|Any CPU.Build.0 = Debug|Any CPU
		{749ADF14-7D11-4380-AB64-CEB61DFF2A73}.Debug|ARM.ActiveCfg = Debug|ARM
		{749ADF14-7D11-4380-AB64-CEB61DFF2A73}.Debug|ARM.Build.0 = Debug|ARM
		{749ADF14-7D11-4380-AB64-CEB61DFF2A73}.Debug|x86.ActiveCfg = Debug|x86
		{749ADF14-7D11-4380-AB64-CEB61DFF2A73}.Debug|x86.Build.0 = Debug|x86
		{749ADF14-7D11-4380-AB64-CEB61DFF2A73}.Release|Any CPU.ActiveCfg = Release|Any CPU
		{749ADF14-7D11-4380-AB64-CEB61DFF2A73}.Release|Any CPU.Build.0 = Release|Any CPU
		{749ADF14-7D11-4380-AB64-CEB61DFF2A73}.Release|ARM.ActiveCfg = Release|ARM
		{749ADF14-7D11-4380-AB64-CEB61DFF2A73}.Release|ARM.Build.0 = Release|ARM
		{749ADF14-7D11-4380-AB64-CEB61DFF2A73}.Release|x86.ActiveCfg = Release|x86
		{749ADF14-7D11-4380-AB64-CEB61DFF2A73}.Release|x86.Build.0 = Release|x86
		{434A1A03-D0C9-4080-B42F-958B41F141E7}.Debug_Reading|Any CPU.ActiveCfg = Debug_Reading|Any CPU
		{434A1A03-D0C9-4080-B42F-958B41F141E7}.Debug_Reading|Any CPU.Build.0 = Debug_Reading|Any CPU
		{434A1A03-D0C9-4080-B42F-958B41F141E7}.Debug_Reading|ARM.ActiveCfg = Debug_Reading|ARM
		{434A1A03-D0C9-4080-B42F-958B41F141E7}.Debug_Reading|ARM.Build.0 = Debug_Reading|ARM
		{434A1A03-D0C9-4080-B42F-958B41F141E7}.Debug_Reading|x86.ActiveCfg = Debug_Reading|x86
		{434A1A03-D0C9-4080-B42F-958B41F141E7}.Debug_Reading|x86.Build.0 = Debug_Reading|x86
		{434A1A03-D0C9-4080-B42F-958B41F141E7}.Debug|Any CPU.ActiveCfg = Debug|Any CPU
		{434A1A03-D0C9-4080-B42F-958B41F141E7}.Debug|Any CPU.Build.0 = Debug|Any CPU
		{434A1A03-D0C9-4080-B42F-958B41F141E7}.Debug|ARM.ActiveCfg = Debug|ARM
		{434A1A03-D0C9-4080-B42F-958B41F141E7}.Debug|ARM.Build.0 = Debug|ARM
		{434A1A03-D0C9-4080-B42F-958B41F141E7}.Debug|x86.ActiveCfg = Debug|x86
		{434A1A03-D0C9-4080-B42F-958B41F141E7}.Debug|x86.Build.0 = Debug|x86
		{434A1A03-D0C9-4080-B42F-958B41F141E7}.Release|Any CPU.ActiveCfg = Release|Any CPU
		{434A1A03-D0C9-4080-B42F-958B41F141E7}.Release|Any CPU.Build.0 = Release|Any CPU
		{434A1A03-D0C9-4080-B42F-958B41F141E7}.Release|ARM.ActiveCfg = Release|ARM
		{434A1A03-D0C9-4080-B42F-958B41F141E7}.Release|ARM.Build.0 = Release|ARM
		{434A1A03-D0C9-4080-B42F-958B41F141E7}.Release|x86.ActiveCfg = Release|x86
		{434A1A03-D0C9-4080-B42F-958B41F141E7}.Release|x86.Build.0 = Release|x86
		{0CFC7D30-1590-4D89-9753-6F9959A87A74}.Debug_Reading|Any CPU.ActiveCfg = Debug_Reading|Any CPU
		{0CFC7D30-1590-4D89-9753-6F9959A87A74}.Debug_Reading|Any CPU.Build.0 = Debug_Reading|Any CPU
		{0CFC7D30-1590-4D89-9753-6F9959A87A74}.Debug_Reading|ARM.ActiveCfg = Debug_Reading|ARM
		{0CFC7D30-1590-4D89-9753-6F9959A87A74}.Debug_Reading|ARM.Build.0 = Debug_Reading|ARM
		{0CFC7D30-1590-4D89-9753-6F9959A87A74}.Debug_Reading|x86.ActiveCfg = Debug_Reading|x86
		{0CFC7D30-1590-4D89-9753-6F9959A87A74}.Debug_Reading|x86.Build.0 = Debug_Reading|x86
		{0CFC7D30-1590-4D89-9753-6F9959A87A74}.Debug|Any CPU.ActiveCfg = Debug|Any CPU
		{0CFC7D30-1590-4D89-9753-6F9959A87A74}.Debug|Any CPU.Build.0 = Debug|Any CPU
		{0CFC7D30-1590-4D89-9753-6F9959A87A74}.Debug|ARM.ActiveCfg = Debug|ARM
		{0CFC7D30-1590-4D89-9753-6F9959A87A74}.Debug|ARM.Build.0 = Debug|ARM
		{0CFC7D30-1590-4D89-9753-6F9959A87A74}.Debug|x86.ActiveCfg = Debug|x86
		{0CFC7D30-1590-4D89-9753-6F9959A87A74}.Debug|x86.Build.0 = Debug|x86
		{0CFC7D30-1590-4D89-9753-6F9959A87A74}.Release|Any CPU.ActiveCfg = Release|Any CPU
		{0CFC7D30-1590-4D89-9753-6F9959A87A74}.Release|Any CPU.Build.0 = Release|Any CPU
		{0CFC7D30-1590-4D89-9753-6F9959A87A74}.Release|ARM.ActiveCfg = Release|ARM
		{0CFC7D30-1590-4D89-9753-6F9959A87A74}.Release|ARM.Build.0 = Release|ARM
		{0CFC7D30-1590-4D89-9753-6F9959A87A74}.Release|x86.ActiveCfg = Release|x86
		{0CFC7D30-1590-4D89-9753-6F9959A87A74}.Release|x86.Build.0 = Release|x86
		{2893A37C-A92E-40C0-9176-0D91E2032A69}.Debug_Reading|Any CPU.ActiveCfg = Debug_Reading|Any CPU
		{2893A37C-A92E-40C0-9176-0D91E2032A69}.Debug_Reading|Any CPU.Build.0 = Debug_Reading|Any CPU
		{2893A37C-A92E-40C0-9176-0D91E2032A69}.Debug_Reading|ARM.ActiveCfg = Debug_Reading|ARM
		{2893A37C-A92E-40C0-9176-0D91E2032A69}.Debug_Reading|ARM.Build.0 = Debug_Reading|ARM
		{2893A37C-A92E-40C0-9176-0D91E2032A69}.Debug_Reading|x86.ActiveCfg = Debug_Reading|x86
		{2893A37C-A92E-40C0-9176-0D91E2032A69}.Debug_Reading|x86.Build.0 = Debug_Reading|x86
		{2893A37C-A92E-40C0-9176-0D91E2032A69}.Debug|Any CPU.ActiveCfg = Debug|Any CPU
		{2893A37C-A92E-40C0-9176-0D91E2032A69}.Debug|Any CPU.Build.0 = Debug|Any CPU
		{2893A37C-A92E-40C0-9176-0D91E2032A69}.Debug|ARM.ActiveCfg = Debug|ARM
		{2893A37C-A92E-40C0-9176-0D91E2032A69}.Debug|ARM.Build.0 = Debug|ARM
		{2893A37C-A92E-40C0-9176-0D91E2032A69}.Debug|x86.ActiveCfg = Debug|x86
		{2893A37C-A92E-40C0-9176-0D91E2032A69}.Debug|x86.Build.0 = Debug|x86
		{2893A37C-A92E-40C0-9176-0D91E2032A69}.Release|Any CPU.ActiveCfg = Release|Any CPU
		{2893A37C-A92E-40C0-9176-0D91E2032A69}.Release|Any CPU.Build.0 = Release|Any CPU
		{2893A37C-A92E-40C0-9176-0D91E2032A69}.Release|ARM.ActiveCfg = Release|ARM
		{2893A37C-A92E-40C0-9176-0D91E2032A69}.Release|ARM.Build.0 = Release|ARM
		{2893A37C-A92E-40C0-9176-0D91E2032A69}.Release|x86.ActiveCfg = Release|x86
		{2893A37C-A92E-40C0-9176-0D91E2032A69}.Release|x86.Build.0 = Release|x86
		{A26783ED-52EE-458C-A237-EAA0378432C2}.Debug_Reading|Any CPU.ActiveCfg = Debug_Reading|Any CPU
		{A26783ED-52EE-458C-A237-EAA0378432C2}.Debug_Reading|Any CPU.Build.0 = Debug_Reading|Any CPU
		{A26783ED-52EE-458C-A237-EAA0378432C2}.Debug_Reading|ARM.ActiveCfg = Debug_Reading|ARM
		{A26783ED-52EE-458C-A237-EAA0378432C2}.Debug_Reading|ARM.Build.0 = Debug_Reading|ARM
		{A26783ED-52EE-458C-A237-EAA0378432C2}.Debug_Reading|x86.ActiveCfg = Debug_Reading|x86
		{A26783ED-52EE-458C-A237-EAA0378432C2}.Debug_Reading|x86.Build.0 = Debug_Reading|x86
		{A26783ED-52EE-458C-A237-EAA0378432C2}.Debug|Any CPU.ActiveCfg = Debug|Any CPU
		{A26783ED-52EE-458C-A237-EAA0378432C2}.Debug|Any CPU.Build.0 = Debug|Any CPU
		{A26783ED-52EE-458C-A237-EAA0378432C2}.Debug|ARM.ActiveCfg = Debug|ARM
		{A26783ED-52EE-458C-A237-EAA0378432C2}.Debug|ARM.Build.0 = Debug|ARM
		{A26783ED-52EE-458C-A237-EAA0378432C2}.Debug|x86.ActiveCfg = Debug|x86
		{A26783ED-52EE-458C-A237-EAA0378432C2}.Debug|x86.Build.0 = Debug|x86
		{A26783ED-52EE-458C-A237-EAA0378432C2}.Release|Any CPU.ActiveCfg = Release|Any CPU
		{A26783ED-52EE-458C-A237-EAA0378432C2}.Release|Any CPU.Build.0 = Release|Any CPU
		{A26783ED-52EE-458C-A237-EAA0378432C2}.Release|ARM.ActiveCfg = Release|ARM
		{A26783ED-52EE-458C-A237-EAA0378432C2}.Release|ARM.Build.0 = Release|ARM
		{A26783ED-52EE-458C-A237-EAA0378432C2}.Release|x86.ActiveCfg = Release|x86
		{A26783ED-52EE-458C-A237-EAA0378432C2}.Release|x86.Build.0 = Release|x86
		{D7F75CE3-22AD-4272-BD15-100E0BDC8299}.Debug_Reading|Any CPU.ActiveCfg = Debug_Reading|Any CPU
		{D7F75CE3-22AD-4272-BD15-100E0BDC8299}.Debug_Reading|Any CPU.Build.0 = Debug_Reading|Any CPU
		{D7F75CE3-22AD-4272-BD15-100E0BDC8299}.Debug_Reading|ARM.ActiveCfg = Debug_Reading|ARM
		{D7F75CE3-22AD-4272-BD15-100E0BDC8299}.Debug_Reading|ARM.Build.0 = Debug_Reading|ARM
		{D7F75CE3-22AD-4272-BD15-100E0BDC8299}.Debug_Reading|x86.ActiveCfg = Debug_Reading|x86
		{D7F75CE3-22AD-4272-BD15-100E0BDC8299}.Debug_Reading|x86.Build.0 = Debug_Reading|x86
		{D7F75CE3-22AD-4272-BD15-100E0BDC8299}.Debug|Any CPU.ActiveCfg = Debug|Any CPU
		{D7F75CE3-22AD-4272-BD15-100E0BDC8299}.Debug|Any CPU.Build.0 = Debug|Any CPU
		{D7F75CE3-22AD-4272-BD15-100E0BDC8299}.Debug|ARM.ActiveCfg = Debug|ARM
		{D7F75CE3-22AD-4272-BD15-100E0BDC8299}.Debug|ARM.Build.0 = Debug|ARM
		{D7F75CE3-22AD-4272-BD15-100E0BDC8299}.Debug|x86.ActiveCfg = Debug|x86
		{D7F75CE3-22AD-4272-BD15-100E0BDC8299}.Debug|x86.Build.0 = Debug|x86
		{D7F75CE3-22AD-4272-BD15-100E0BDC8299}.Release|Any CPU.ActiveCfg = Release|Any CPU
		{D7F75CE3-22AD-4272-BD15-100E0BDC8299}.Release|Any CPU.Build.0 = Release|Any CPU
		{D7F75CE3-22AD-4272-BD15-100E0BDC8299}.Release|ARM.ActiveCfg = Release|ARM
		{D7F75CE3-22AD-4272-BD15-100E0BDC8299}.Release|ARM.Build.0 = Release|ARM
		{D7F75CE3-22AD-4272-BD15-100E0BDC8299}.Release|x86.ActiveCfg = Release|x86
		{D7F75CE3-22AD-4272-BD15-100E0BDC8299}.Release|x86.Build.0 = Release|x86
		{B478202A-2653-4B13-B23B-391B5889EA97}.Debug_Reading|Any CPU.ActiveCfg = Debug_Reading|Any CPU
		{B478202A-2653-4B13-B23B-391B5889EA97}.Debug_Reading|Any CPU.Build.0 = Debug_Reading|Any CPU
		{B478202A-2653-4B13-B23B-391B5889EA97}.Debug_Reading|ARM.ActiveCfg = Debug_Reading|ARM
		{B478202A-2653-4B13-B23B-391B5889EA97}.Debug_Reading|ARM.Build.0 = Debug_Reading|ARM
		{B478202A-2653-4B13-B23B-391B5889EA97}.Debug_Reading|x86.ActiveCfg = Debug_Reading|x86
		{B478202A-2653-4B13-B23B-391B5889EA97}.Debug_Reading|x86.Build.0 = Debug_Reading|x86
		{B478202A-2653-4B13-B23B-391B5889EA97}.Debug|Any CPU.ActiveCfg = Debug|Any CPU
		{B478202A-2653-4B13-B23B-391B5889EA97}.Debug|Any CPU.Build.0 = Debug|Any CPU
		{B478202A-2653-4B13-B23B-391B5889EA97}.Debug|ARM.ActiveCfg = Debug|ARM
		{B478202A-2653-4B13-B23B-391B5889EA97}.Debug|ARM.Build.0 = Debug|ARM
		{B478202A-2653-4B13-B23B-391B5889EA97}.Debug|x86.ActiveCfg = Debug|x86
		{B478202A-2653-4B13-B23B-391B5889EA97}.Debug|x86.Build.0 = Debug|x86
		{B478202A-2653-4B13-B23B-391B5889EA97}.Release|Any CPU.ActiveCfg = Release|Any CPU
		{B478202A-2653-4B13-B23B-391B5889EA97}.Release|Any CPU.Build.0 = Release|Any CPU
		{B478202A-2653-4B13-B23B-391B5889EA97}.Release|ARM.ActiveCfg = Release|ARM
		{B478202A-2653-4B13-B23B-391B5889EA97}.Release|ARM.Build.0 = Release|ARM
		{B478202A-2653-4B13-B23B-391B5889EA97}.Release|x86.ActiveCfg = Release|x86
		{B478202A-2653-4B13-B23B-391B5889EA97}.Release|x86.Build.0 = Release|x86
		{96C82E03-B853-4C09-82E3-854F1E193258}.Debug_Reading|Any CPU.ActiveCfg = Debug_Reading|Any CPU
		{96C82E03-B853-4C09-82E3-854F1E193258}.Debug_Reading|Any CPU.Build.0 = Debug_Reading|Any CPU
		{96C82E03-B853-4C09-82E3-854F1E193258}.Debug_Reading|ARM.ActiveCfg = Debug_Reading|ARM
		{96C82E03-B853-4C09-82E3-854F1E193258}.Debug_Reading|ARM.Build.0 = Debug_Reading|ARM
		{96C82E03-B853-4C09-82E3-854F1E193258}.Debug_Reading|x86.ActiveCfg = Debug_Reading|x86
		{96C82E03-B853-4C09-82E3-854F1E193258}.Debug_Reading|x86.Build.0 = Debug_Reading|x86
		{96C82E03-B853-4C09-82E3-854F1E193258}.Debug|Any CPU.ActiveCfg = Debug|Any CPU
		{96C82E03-B853-4C09-82E3-854F1E193258}.Debug|Any CPU.Build.0 = Debug|Any CPU
		{96C82E03-B853-4C09-82E3-854F1E193258}.Debug|ARM.ActiveCfg = Debug|ARM
		{96C82E03-B853-4C09-82E3-854F1E193258}.Debug|ARM.Build.0 = Debug|ARM
		{96C82E03-B853-4C09-82E3-854F1E193258}.Debug|x86.ActiveCfg = Debug|x86
		{96C82E03-B853-4C09-82E3-854F1E193258}.Debug|x86.Build.0 = Debug|x86
		{96C82E03-B853-4C09-82E3-854F1E193258}.Release|Any CPU.ActiveCfg = Release|Any CPU
		{96C82E03-B853-4C09-82E3-854F1E193258}.Release|Any CPU.Build.0 = Release|Any CPU
		{96C82E03-B853-4C09-82E3-854F1E193258}.Release|ARM.ActiveCfg = Release|ARM
		{96C82E03-B853-4C09-82E3-854F1E193258}.Release|ARM.Build.0 = Release|ARM
		{96C82E03-B853-4C09-82E3-854F1E193258}.Release|x86.ActiveCfg = Release|x86
		{96C82E03-B853-4C09-82E3-854F1E193258}.Release|x86.Build.0 = Release|x86
		{047501BE-F412-45E7-9A18-9BFBD615DF23}.Debug_Reading|Any CPU.ActiveCfg = Debug_Reading|Any CPU
		{047501BE-F412-45E7-9A18-9BFBD615DF23}.Debug_Reading|Any CPU.Build.0 = Debug_Reading|Any CPU
		{047501BE-F412-45E7-9A18-9BFBD615DF23}.Debug_Reading|ARM.ActiveCfg = Debug_Reading|ARM
		{047501BE-F412-45E7-9A18-9BFBD615DF23}.Debug_Reading|ARM.Build.0 = Debug_Reading|ARM
		{047501BE-F412-45E7-9A18-9BFBD615DF23}.Debug_Reading|x86.ActiveCfg = Debug_Reading|x86
		{047501BE-F412-45E7-9A18-9BFBD615DF23}.Debug_Reading|x86.Build.0 = Debug_Reading|x86
		{047501BE-F412-45E7-9A18-9BFBD615DF23}.Debug|Any CPU.ActiveCfg = Debug|Any CPU
		{047501BE-F412-45E7-9A18-9BFBD615DF23}.Debug|Any CPU.Build.0 = Debug|Any CPU
		{047501BE-F412-45E7-9A18-9BFBD615DF23}.Debug|ARM.ActiveCfg = Debug|ARM
		{047501BE-F412-45E7-9A18-9BFBD615DF23}.Debug|ARM.Build.0 = Debug|ARM
		{047501BE-F412-45E7-9A18-9BFBD615DF23}.Debug|x86.ActiveCfg = Debug|x86
		{047501BE-F412-45E7-9A18-9BFBD615DF23}.Debug|x86.Build.0 = Debug|x86
		{047501BE-F412-45E7-9A18-9BFBD615DF23}.Release|Any CPU.ActiveCfg = Release|Any CPU
		{047501BE-F412-45E7-9A18-9BFBD615DF23}.Release|Any CPU.Build.0 = Release|Any CPU
		{047501BE-F412-45E7-9A18-9BFBD615DF23}.Release|ARM.ActiveCfg = Release|ARM
		{047501BE-F412-45E7-9A18-9BFBD615DF23}.Release|ARM.Build.0 = Release|ARM
		{047501BE-F412-45E7-9A18-9BFBD615DF23}.Release|x86.ActiveCfg = Release|x86
		{047501BE-F412-45E7-9A18-9BFBD615DF23}.Release|x86.Build.0 = Release|x86
		{A6589AF0-743F-47EC-B3F9-DF082DAA8088}.Debug_Reading|Any CPU.ActiveCfg = Debug_Reading|Any CPU
		{A6589AF0-743F-47EC-B3F9-DF082DAA8088}.Debug_Reading|Any CPU.Build.0 = Debug_Reading|Any CPU
		{A6589AF0-743F-47EC-B3F9-DF082DAA8088}.Debug_Reading|ARM.ActiveCfg = Debug_Reading|ARM
		{A6589AF0-743F-47EC-B3F9-DF082DAA8088}.Debug_Reading|ARM.Build.0 = Debug_Reading|ARM
		{A6589AF0-743F-47EC-B3F9-DF082DAA8088}.Debug_Reading|x86.ActiveCfg = Debug_Reading|x86
		{A6589AF0-743F-47EC-B3F9-DF082DAA8088}.Debug_Reading|x86.Build.0 = Debug_Reading|x86
		{A6589AF0-743F-47EC-B3F9-DF082DAA8088}.Debug|Any CPU.ActiveCfg = Debug|Any CPU
		{A6589AF0-743F-47EC-B3F9-DF082DAA8088}.Debug|Any CPU.Build.0 = Debug|Any CPU
		{A6589AF0-743F-47EC-B3F9-DF082DAA8088}.Debug|ARM.ActiveCfg = Debug|ARM
		{A6589AF0-743F-47EC-B3F9-DF082DAA8088}.Debug|ARM.Build.0 = Debug|ARM
		{A6589AF0-743F-47EC-B3F9-DF082DAA8088}.Debug|x86.ActiveCfg = Debug|x86
		{A6589AF0-743F-47EC-B3F9-DF082DAA8088}.Debug|x86.Build.0 = Debug|x86
		{A6589AF0-743F-47EC-B3F9-DF082DAA8088}.Release|Any CPU.ActiveCfg = Release|Any CPU
		{A6589AF0-743F-47EC-B3F9-DF082DAA8088}.Release|Any CPU.Build.0 = Release|Any CPU
		{A6589AF0-743F-47EC-B3F9-DF082DAA8088}.Release|ARM.ActiveCfg = Release|ARM
		{A6589AF0-743F-47EC-B3F9-DF082DAA8088}.Release|ARM.Build.0 = Release|ARM
		{A6589AF0-743F-47EC-B3F9-DF082DAA8088}.Release|x86.ActiveCfg = Release|x86
		{A6589AF0-743F-47EC-B3F9-DF082DAA8088}.Release|x86.Build.0 = Release|x86
		{5EA238D0-CFF7-43AB-B7FC-47E8A4AD6ECD}.Debug_Reading|Any CPU.ActiveCfg = Debug_Reading|Any CPU
		{5EA238D0-CFF7-43AB-B7FC-47E8A4AD6ECD}.Debug_Reading|Any CPU.Build.0 = Debug_Reading|Any CPU
		{5EA238D0-CFF7-43AB-B7FC-47E8A4AD6ECD}.Debug_Reading|ARM.ActiveCfg = Debug_Reading|ARM
		{5EA238D0-CFF7-43AB-B7FC-47E8A4AD6ECD}.Debug_Reading|ARM.Build.0 = Debug_Reading|ARM
		{5EA238D0-CFF7-43AB-B7FC-47E8A4AD6ECD}.Debug_Reading|x86.ActiveCfg = Debug_Reading|x86
		{5EA238D0-CFF7-43AB-B7FC-47E8A4AD6ECD}.Debug_Reading|x86.Build.0 = Debug_Reading|x86
		{5EA238D0-CFF7-43AB-B7FC-47E8A4AD6ECD}.Debug|Any CPU.ActiveCfg = Debug|Any CPU
		{5EA238D0-CFF7-43AB-B7FC-47E8A4AD6ECD}.Debug|Any CPU.Build.0 = Debug|Any CPU
		{5EA238D0-CFF7-43AB-B7FC-47E8A4AD6ECD}.Debug|ARM.ActiveCfg = Debug|ARM
		{5EA238D0-CFF7-43AB-B7FC-47E8A4AD6ECD}.Debug|ARM.Build.0 = Debug|ARM
		{5EA238D0-CFF7-43AB-B7FC-47E8A4AD6ECD}.Debug|x86.ActiveCfg = Debug|x86
		{5EA238D0-CFF7-43AB-B7FC-47E8A4AD6ECD}.Debug|x86.Build.0 = Debug|x86
		{5EA238D0-CFF7-43AB-B7FC-47E8A4AD6ECD}.Release|Any CPU.ActiveCfg = Release|Any CPU
		{5EA238D0-CFF7-43AB-B7FC-47E8A4AD6ECD}.Release|Any CPU.Build.0 = Release|Any CPU
		{5EA238D0-CFF7-43AB-B7FC-47E8A4AD6ECD}.Release|ARM.ActiveCfg = Release|ARM
		{5EA238D0-CFF7-43AB-B7FC-47E8A4AD6ECD}.Release|ARM.Build.0 = Release|ARM
		{5EA238D0-CFF7-43AB-B7FC-47E8A4AD6ECD}.Release|x86.ActiveCfg = Release|x86
		{5EA238D0-CFF7-43AB-B7FC-47E8A4AD6ECD}.Release|x86.Build.0 = Release|x86
		{7AC3A06F-F2F3-4196-96D2-093ECCB28A39}.Debug_Reading|Any CPU.ActiveCfg = Debug_Reading|Any CPU
		{7AC3A06F-F2F3-4196-96D2-093ECCB28A39}.Debug_Reading|Any CPU.Build.0 = Debug_Reading|Any CPU
		{7AC3A06F-F2F3-4196-96D2-093ECCB28A39}.Debug_Reading|ARM.ActiveCfg = Debug_Reading|ARM
		{7AC3A06F-F2F3-4196-96D2-093ECCB28A39}.Debug_Reading|ARM.Build.0 = Debug_Reading|ARM
		{7AC3A06F-F2F3-4196-96D2-093ECCB28A39}.Debug_Reading|x86.ActiveCfg = Debug_Reading|x86
		{7AC3A06F-F2F3-4196-96D2-093ECCB28A39}.Debug_Reading|x86.Build.0 = Debug_Reading|x86
		{7AC3A06F-F2F3-4196-96D2-093ECCB28A39}.Debug|Any CPU.ActiveCfg = Debug|Any CPU
		{7AC3A06F-F2F3-4196-96D2-093ECCB28A39}.Debug|Any CPU.Build.0 = Debug|Any CPU
		{7AC3A06F-F2F3-4196-96D2-093ECCB28A39}.Debug|ARM.ActiveCfg = Debug|ARM
		{7AC3A06F-F2F3-4196-96D2-093ECCB28A39}.Debug|ARM.Build.0 = Debug|ARM
		{7AC3A06F-F2F3-4196-96D2-093ECCB28A39}.Debug|x86.ActiveCfg = Debug|x86
		{7AC3A06F-F2F3-4196-96D2-093ECCB28A39}.Debug|x86.Build.0 = Debug|x86
		{7AC3A06F-F2F3-4196-96D2-093ECCB28A39}.Release|Any CPU.ActiveCfg = Release|Any CPU
		{7AC3A06F-F2F3-4196-96D2-093ECCB28A39}.Release|Any CPU.Build.0 = Release|Any CPU
		{7AC3A06F-F2F3-4196-96D2-093ECCB28A39}.Release|ARM.ActiveCfg = Release|ARM
		{7AC3A06F-F2F3-4196-96D2-093ECCB28A39}.Release|ARM.Build.0 = Release|ARM
		{7AC3A06F-F2F3-4196-96D2-093ECCB28A39}.Release|x86.ActiveCfg = Release|x86
		{7AC3A06F-F2F3-4196-96D2-093ECCB28A39}.Release|x86.Build.0 = Release|x86
	EndGlobalSection
	GlobalSection(SolutionProperties) = preSolution
		HideSolutionNode = FALSE
	EndGlobalSection
	GlobalSection(NestedProjects) = preSolution
		{50DAA3F0-3BAD-433A-B4B2-4A38DEF9DFAF} = {42B8688D-DE59-4702-B491-CA17BA248018}
		{749ADF14-7D11-4380-AB64-CEB61DFF2A73} = {42B8688D-DE59-4702-B491-CA17BA248018}
	EndGlobalSection
EndGlobal
